// !$*UTF8*$!
{
	archiveVersion = 1;
	classes = {
	};
	objectVersion = 46;
	objects = {

/* Begin PBXBuildFile section */
		B6536E5D32310D572EB1F62D /* libPods.a in Frameworks */ = {isa = PBXBuildFile; fileRef = D3840493FEAB7BBA10703B73 /* libPods.a */; };
		B66075E51D36074500922CFA /* main.m in Sources */ = {isa = PBXBuildFile; fileRef = B66075E41D36074500922CFA /* main.m */; };
		B66075E81D36074500922CFA /* AppDelegate.m in Sources */ = {isa = PBXBuildFile; fileRef = B66075E71D36074500922CFA /* AppDelegate.m */; };
		B66075EB1D36074500922CFA /* ViewController.m in Sources */ = {isa = PBXBuildFile; fileRef = B66075EA1D36074500922CFA /* ViewController.m */; };
		B66075EE1D36074500922CFA /* Main.storyboard in Resources */ = {isa = PBXBuildFile; fileRef = B66075EC1D36074500922CFA /* Main.storyboard */; };
		B66075F01D36074500922CFA /* Assets.xcassets in Resources */ = {isa = PBXBuildFile; fileRef = B66075EF1D36074500922CFA /* Assets.xcassets */; };
		B66075F31D36074500922CFA /* LaunchScreen.storyboard in Resources */ = {isa = PBXBuildFile; fileRef = B66075F11D36074500922CFA /* LaunchScreen.storyboard */; };
		B66076011D360EBB00922CFA /* tlstestapp-root.cer in Resources */ = {isa = PBXBuildFile; fileRef = B66076001D360EBB00922CFA /* tlstestapp-root.cer */; };
/* End PBXBuildFile section */

/* Begin PBXFileReference section */
		3CDF1051AAD41A2C32646F2B /* Pods.debug.xcconfig */ = {isa = PBXFileReference; includeInIndex = 1; lastKnownFileType = text.xcconfig; name = Pods.debug.xcconfig; path = "Pods/Target Support Files/Pods/Pods.debug.xcconfig"; sourceTree = "<group>"; };
		570AE3EDA19277E7C113BF98 /* Pods.release.xcconfig */ = {isa = PBXFileReference; includeInIndex = 1; lastKnownFileType = text.xcconfig; name = Pods.release.xcconfig; path = "Pods/Target Support Files/Pods/Pods.release.xcconfig"; sourceTree = "<group>"; };
		B66075E01D36074500922CFA /* TestHttpsClient.app */ = {isa = PBXFileReference; explicitFileType = wrapper.application; includeInIndex = 0; path = TestHttpsClient.app; sourceTree = BUILT_PRODUCTS_DIR; };
		B66075E41D36074500922CFA /* main.m */ = {isa = PBXFileReference; lastKnownFileType = sourcecode.c.objc; path = main.m; sourceTree = "<group>"; };
		B66075E61D36074500922CFA /* AppDelegate.h */ = {isa = PBXFileReference; lastKnownFileType = sourcecode.c.h; path = AppDelegate.h; sourceTree = "<group>"; };
		B66075E71D36074500922CFA /* AppDelegate.m */ = {isa = PBXFileReference; lastKnownFileType = sourcecode.c.objc; path = AppDelegate.m; sourceTree = "<group>"; };
		B66075E91D36074500922CFA /* ViewController.h */ = {isa = PBXFileReference; lastKnownFileType = sourcecode.c.h; path = ViewController.h; sourceTree = "<group>"; };
		B66075EA1D36074500922CFA /* ViewController.m */ = {isa = PBXFileReference; lastKnownFileType = sourcecode.c.objc; path = ViewController.m; sourceTree = "<group>"; };
		B66075ED1D36074500922CFA /* Base */ = {isa = PBXFileReference; lastKnownFileType = file.storyboard; name = Base; path = Base.lproj/Main.storyboard; sourceTree = "<group>"; };
		B66075EF1D36074500922CFA /* Assets.xcassets */ = {isa = PBXFileReference; lastKnownFileType = folder.assetcatalog; path = Assets.xcassets; sourceTree = "<group>"; };
		B66075F21D36074500922CFA /* Base */ = {isa = PBXFileReference; lastKnownFileType = file.storyboard; name = Base; path = Base.lproj/LaunchScreen.storyboard; sourceTree = "<group>"; };
		B66075F41D36074500922CFA /* Info.plist */ = {isa = PBXFileReference; lastKnownFileType = text.plist.xml; path = Info.plist; sourceTree = "<group>"; };
		B66076001D360EBB00922CFA /* tlstestapp-root.cer */ = {isa = PBXFileReference; lastKnownFileType = file; path = "tlstestapp-root.cer"; sourceTree = "<group>"; };
		D3840493FEAB7BBA10703B73 /* libPods.a */ = {isa = PBXFileReference; explicitFileType = archive.ar; includeInIndex = 0; path = libPods.a; sourceTree = BUILT_PRODUCTS_DIR; };
/* End PBXFileReference section */

/* Begin PBXFrameworksBuildPhase section */
		B66075DD1D36074500922CFA /* Frameworks */ = {
			isa = PBXFrameworksBuildPhase;
			buildActionMask = 2147483647;
			files = (
				B6536E5D32310D572EB1F62D /* libPods.a in Frameworks */,
			);
			runOnlyForDeploymentPostprocessing = 0;
		};
/* End PBXFrameworksBuildPhase section */

/* Begin PBXGroup section */
		4B179B342F7DE0A22F33F829 /* Frameworks */ = {
			isa = PBXGroup;
			children = (
				D3840493FEAB7BBA10703B73 /* libPods.a */,
			);
			name = Frameworks;
			sourceTree = "<group>";
		};
		8B01E9DFB5682671102FBF6E /* Pods */ = {
			isa = PBXGroup;
			children = (
				3CDF1051AAD41A2C32646F2B /* Pods.debug.xcconfig */,
				570AE3EDA19277E7C113BF98 /* Pods.release.xcconfig */,
			);
			name = Pods;
			sourceTree = "<group>";
		};
		B66075D71D36074500922CFA = {
			isa = PBXGroup;
			children = (
				B66075E21D36074500922CFA /* TestHttpsClient */,
				B66075E11D36074500922CFA /* Products */,
				8B01E9DFB5682671102FBF6E /* Pods */,
				4B179B342F7DE0A22F33F829 /* Frameworks */,
			);
			sourceTree = "<group>";
		};
		B66075E11D36074500922CFA /* Products */ = {
			isa = PBXGroup;
			children = (
				B66075E01D36074500922CFA /* TestHttpsClient.app */,
			);
			name = Products;
			sourceTree = "<group>";
		};
		B66075E21D36074500922CFA /* TestHttpsClient */ = {
			isa = PBXGroup;
			children = (
				B66075E61D36074500922CFA /* AppDelegate.h */,
				B66075E71D36074500922CFA /* AppDelegate.m */,
				B66075E91D36074500922CFA /* ViewController.h */,
				B66075EA1D36074500922CFA /* ViewController.m */,
				B66075EC1D36074500922CFA /* Main.storyboard */,
				B66075EF1D36074500922CFA /* Assets.xcassets */,
				B66075F11D36074500922CFA /* LaunchScreen.storyboard */,
				B66076001D360EBB00922CFA /* tlstestapp-root.cer */,
				B66075F41D36074500922CFA /* Info.plist */,
				B66075E31D36074500922CFA /* Supporting Files */,
			);
			path = TestHttpsClient;
			sourceTree = "<group>";
		};
		B66075E31D36074500922CFA /* Supporting Files */ = {
			isa = PBXGroup;
			children = (
				B66075E41D36074500922CFA /* main.m */,
			);
			name = "Supporting Files";
			sourceTree = "<group>";
		};
/* End PBXGroup section */

/* Begin PBXNativeTarget section */
		B66075DF1D36074500922CFA /* TestHttpsClient */ = {
			isa = PBXNativeTarget;
			buildConfigurationList = B66075F71D36074500922CFA /* Build configuration list for PBXNativeTarget "TestHttpsClient" */;
			buildPhases = (
				C9B021FBE8D14ABD926B791F /* Check Pods Manifest.lock */,
				B66075DC1D36074500922CFA /* Sources */,
				B66075DD1D36074500922CFA /* Frameworks */,
				B66075DE1D36074500922CFA /* Resources */,
				CD24FDFA754DA6AC5C05B9BC /* Embed Pods Frameworks */,
				EF737468A51D013DF98940FE /* Copy Pods Resources */,
			);
			buildRules = (
			);
			dependencies = (
			);
			name = TestHttpsClient;
			productName = TestHttpsClient;
			productReference = B66075E01D36074500922CFA /* TestHttpsClient.app */;
			productType = "com.apple.product-type.application";
		};
/* End PBXNativeTarget section */

/* Begin PBXProject section */
		B66075D81D36074500922CFA /* Project object */ = {
			isa = PBXProject;
			attributes = {
				LastUpgradeCheck = 0720;
				ORGANIZATIONNAME = mtzijin;
				TargetAttributes = {
					B66075DF1D36074500922CFA = {
						CreatedOnToolsVersion = 7.2;
					};
				};
			};
			buildConfigurationList = B66075DB1D36074500922CFA /* Build configuration list for PBXProject "TestHttpsClient" */;
			compatibilityVersion = "Xcode 3.2";
			developmentRegion = English;
			hasScannedForEncodings = 0;
			knownRegions = (
				en,
				Base,
			);
			mainGroup = B66075D71D36074500922CFA;
			productRefGroup = B66075E11D36074500922CFA /* Products */;
			projectDirPath = "";
			projectRoot = "";
			targets = (
				B66075DF1D36074500922CFA /* TestHttpsClient */,
			);
		};
/* End PBXProject section */

/* Begin PBXResourcesBuildPhase section */
		B66075DE1D36074500922CFA /* Resources */ = {
			isa = PBXResourcesBuildPhase;
			buildActionMask = 2147483647;
			files = (
				B66075F31D36074500922CFA /* LaunchScreen.storyboard in Resources */,
				B66075F01D36074500922CFA /* Assets.xcassets in Resources */,
				B66075EE1D36074500922CFA /* Main.storyboard in Resources */,
				B66076011D360EBB00922CFA /* tlstestapp-root.cer in Resources */,
			);
			runOnlyForDeploymentPostprocessing = 0;
		};
/* End PBXResourcesBuildPhase section */

/* Begin PBXShellScriptBuildPhase section */
		C9B021FBE8D14ABD926B791F /* Check Pods Manifest.lock */ = {
			isa = PBXShellScriptBuildPhase;
			buildActionMask = 2147483647;
			files = (
			);
			inputPaths = (
			);
			name = "Check Pods Manifest.lock";
			outputPaths = (
			);
			runOnlyForDeploymentPostprocessing = 0;
			shellPath = /bin/sh;
			shellScript = "diff \"${PODS_ROOT}/../Podfile.lock\" \"${PODS_ROOT}/Manifest.lock\" > /dev/null\nif [[ $? != 0 ]] ; then\n    cat << EOM\nerror: The sandbox is not in sync with the Podfile.lock. Run 'pod install' or update your CocoaPods installation.\nEOM\n    exit 1\nfi\n";
			showEnvVarsInLog = 0;
		};
		CD24FDFA754DA6AC5C05B9BC /* Embed Pods Frameworks */ = {
			isa = PBXShellScriptBuildPhase;
			buildActionMask = 2147483647;
			files = (
			);
			inputPaths = (
			);
			name = "Embed Pods Frameworks";
			outputPaths = (
			);
			runOnlyForDeploymentPostprocessing = 0;
			shellPath = /bin/sh;
			shellScript = "\"${SRCROOT}/Pods/Target Support Files/Pods/Pods-frameworks.sh\"\n";
			showEnvVarsInLog = 0;
		};
		EF737468A51D013DF98940FE /* Copy Pods Resources */ = {
			isa = PBXShellScriptBuildPhase;
			buildActionMask = 2147483647;
			files = (
			);
			inputPaths = (
			);
			name = "Copy Pods Resources";
			outputPaths = (
			);
			runOnlyForDeploymentPostprocessing = 0;
			shellPath = /bin/sh;
			shellScript = "\"${SRCROOT}/Pods/Target Support Files/Pods/Pods-resources.sh\"\n";
			showEnvVarsInLog = 0;
		};
/* End PBXShellScriptBuildPhase section */

/* Begin PBXSourcesBuildPhase section */
		B66075DC1D36074500922CFA /* Sources */ = {
			isa = PBXSourcesBuildPhase;
			buildActionMask = 2147483647;
			files = (
				B66075EB1D36074500922CFA /* ViewController.m in Sources */,
				B66075E81D36074500922CFA /* AppDelegate.m in Sources */,
				B66075E51D36074500922CFA /* main.m in Sources */,
			);
			runOnlyForDeploymentPostprocessing = 0;
		};
/* End PBXSourcesBuildPhase section */

/* Begin PBXVariantGroup section */
		B66075EC1D36074500922CFA /* Main.storyboard */ = {
			isa = PBXVariantGroup;
			children = (
				B66075ED1D36074500922CFA /* Base */,
			);
			name = Main.storyboard;
			sourceTree = "<group>";
		};
		B66075F11D36074500922CFA /* LaunchScreen.storyboard */ = {
			isa = PBXVariantGroup;
			children = (
				B66075F21D36074500922CFA /* Base */,
			);
			name = LaunchScreen.storyboard;
			sourceTree = "<group>";
		};
/* End PBXVariantGroup section */

/* Begin XCBuildConfiguration section */
		B66075F51D36074500922CFA /* Debug */ = {
			isa = XCBuildConfiguration;
			buildSettings = {
				ALWAYS_SEARCH_USER_PATHS = NO;
				CLANG_CXX_LANGUAGE_STANDARD = "gnu++0x";
				CLANG_CXX_LIBRARY = "libc++";
				CLANG_ENABLE_MODULES = YES;
				CLANG_ENABLE_OBJC_ARC = YES;
				CLANG_WARN_BOOL_CONVERSION = YES;
				CLANG_WARN_CONSTANT_CONVERSION = YES;
				CLANG_WARN_DIRECT_OBJC_ISA_USAGE = YES_ERROR;
				CLANG_WARN_EMPTY_BODY = YES;
				CLANG_WARN_ENUM_CONVERSION = YES;
				CLANG_WARN_INT_CONVERSION = YES;
				CLANG_WARN_OBJC_ROOT_CLASS = YES_ERROR;
				CLANG_WARN_UNREACHABLE_CODE = YES;
				CLANG_WARN__DUPLICATE_METHOD_MATCH = YES;
				"CODE_SIGN_IDENTITY[sdk=iphoneos*]" = "iPhone Developer";
				COPY_PHASE_STRIP = NO;
				DEBUG_INFORMATION_FORMAT = dwarf;
				ENABLE_STRICT_OBJC_MSGSEND = YES;
				ENABLE_TESTABILITY = YES;
				GCC_C_LANGUAGE_STANDARD = gnu99;
				GCC_DYNAMIC_NO_PIC = NO;
				GCC_NO_COMMON_BLOCKS = YES;
				GCC_OPTIMIZATION_LEVEL = 0;
				GCC_PREPROCESSOR_DEFINITIONS = (
					"DEBUG=1",
					"$(inherited)",
				);
				GCC_WARN_64_TO_32_BIT_CONVERSION = YES;
				GCC_WARN_ABOUT_RETURN_TYPE = YES_ERROR;
				GCC_WARN_UNDECLARED_SELECTOR = YES;
				GCC_WARN_UNINITIALIZED_AUTOS = YES_AGGRESSIVE;
				GCC_WARN_UNUSED_FUNCTION = YES;
				GCC_WARN_UNUSED_VARIABLE = YES;
				IPHONEOS_DEPLOYMENT_TARGET = 9.2;
				MTL_ENABLE_DEBUG_INFO = YES;
				ONLY_ACTIVE_ARCH = YES;
				SDKROOT = iphoneos;
				TARGETED_DEVICE_FAMILY = "1,2";
			};
			name = Debug;
		};
		B66075F61D36074500922CFA /* Release */ = {
			isa = XCBuildConfiguration;
			buildSettings = {
				ALWAYS_SEARCH_USER_PATHS = NO;
				CLANG_CXX_LANGUAGE_STANDARD = "gnu++0x";
				CLANG_CXX_LIBRARY = "libc++";
				CLANG_ENABLE_MODULES = YES;
				CLANG_ENABLE_OBJC_ARC = YES;
				CLANG_WARN_BOOL_CONVERSION = YES;
				CLANG_WARN_CONSTANT_CONVERSION = YES;
				CLANG_WARN_DIRECT_OBJC_ISA_USAGE = YES_ERROR;
				CLANG_WARN_EMPTY_BODY = YES;
				CLANG_WARN_ENUM_CONVERSION = YES;
				CLANG_WARN_INT_CONVERSION = YES;
				CLANG_WARN_OBJC_ROOT_CLASS = YES_ERROR;
				CLANG_WARN_UNREACHABLE_CODE = YES;
				CLANG_WARN__DUPLICATE_METHOD_MATCH = YES;
				"CODE_SIGN_IDENTITY[sdk=iphoneos*]" = "iPhone Developer";
				COPY_PHASE_STRIP = NO;
				DEBUG_INFORMATION_FORMAT = "dwarf-with-dsym";
				ENABLE_NS_ASSERTIONS = NO;
				ENABLE_STRICT_OBJC_MSGSEND = YES;
				GCC_C_LANGUAGE_STANDARD = gnu99;
				GCC_NO_COMMON_BLOCKS = YES;
				GCC_WARN_64_TO_32_BIT_CONVERSION = YES;
				GCC_WARN_ABOUT_RETURN_TYPE = YES_ERROR;
				GCC_WARN_UNDECLARED_SELECTOR = YES;
				GCC_WARN_UNINITIALIZED_AUTOS = YES_AGGRESSIVE;
				GCC_WARN_UNUSED_FUNCTION = YES;
				GCC_WARN_UNUSED_VARIABLE = YES;
				IPHONEOS_DEPLOYMENT_TARGET = 9.2;
				MTL_ENABLE_DEBUG_INFO = NO;
				SDKROOT = iphoneos;
				TARGETED_DEVICE_FAMILY = "1,2";
				VALIDATE_PRODUCT = YES;
			};
			name = Release;
		};
		B66075F81D36074500922CFA /* Debug */ = {
			isa = XCBuildConfiguration;
			baseConfigurationReference = 3CDF1051AAD41A2C32646F2B /* Pods.debug.xcconfig */;
			buildSettings = {
				ASSETCATALOG_COMPILER_APPICON_NAME = AppIcon;
				INFOPLIST_FILE = TestHttpsClient/Info.plist;
				IPHONEOS_DEPLOYMENT_TARGET = 7.0;
				LD_RUNPATH_SEARCH_PATHS = "$(inherited) @executable_path/Frameworks";
				PRODUCT_BUNDLE_IDENTIFIER = com.mtzijin.TestHttpsClient;
				PRODUCT_NAME = "$(TARGET_NAME)";
			};
			name = Debug;
		};
		B66075F91D36074500922CFA /* Release */ = {
			isa = XCBuildConfiguration;
			baseConfigurationReference = 570AE3EDA19277E7C113BF98 /* Pods.release.xcconfig */;
			buildSettings = {
				ASSETCATALOG_COMPILER_APPICON_NAME = AppIcon;
				INFOPLIST_FILE = TestHttpsClient/Info.plist;
				IPHONEOS_DEPLOYMENT_TARGET = 7.0;
				LD_RUNPATH_SEARCH_PATHS = "$(inherited) @executable_path/Frameworks";
				PRODUCT_BUNDLE_IDENTIFIER = com.mtzijin.TestHttpsClient;
				PRODUCT_NAME = "$(TARGET_NAME)";
			};
			name = Release;
		};
/* End XCBuildConfiguration section */

/* Begin XCConfigurationList section */
		B66075DB1D36074500922CFA /* Build configuration list for PBXProject "TestHttpsClient" */ = {
			isa = XCConfigurationList;
			buildConfigurations = (
				B66075F51D36074500922CFA /* Debug */,
				B66075F61D36074500922CFA /* Release */,
			);
			defaultConfigurationIsVisible = 0;
			defaultConfigurationName = Release;
		};
		B66075F71D36074500922CFA /* Build configuration list for PBXNativeTarget "TestHttpsClient" */ = {
			isa = XCConfigurationList;
			buildConfigurations = (
				B66075F81D36074500922CFA /* Debug */,
				B66075F91D36074500922CFA /* Release */,
			);
			defaultConfigurationIsVisible = 0;
			defaultConfigurationName = Release;
		};
/* End XCConfigurationList section */
	};
	rootObject = B66075D81D36074500922CFA /* Project object */;
}
